
Microsoft Visual Studio Solution File, Format Version 12.00
# Visual Studio Version 17
VisualStudioVersion = 17.5.002.0
MinimumVisualStudioVersion = 10.0.40219.1
Project("{9A19103F-16F7-4668-BE54-9A1E7A4F7556}") = "csharp", "csharp.csproj", "{6B7A7A9F-F15C-44F6-914A-98AB58A1CD94}"
EndProject
Global
	GlobalSection(SolutionConfigurationPlatforms) = preSolution
		Debug|Any CPU = Debug|Any CPU
		Release|Any CPU = Release|Any CPU
	EndGlobalSection
	GlobalSection(ProjectConfigurationPlatforms) = postSolution
		{6B7A7A9F-F15C-44F6-914A-98AB58A1CD94}.Debug|Any CPU.ActiveCfg = Debug|Any CPU
		{6B7A7A9F-F15C-44F6-914A-98AB58A1CD94}.Debug|Any CPU.Build.0 = Debug|Any CPU
		{6B7A7A9F-F15C-44F6-914A-98AB58A1CD94}.Release|Any CPU.ActiveCfg = Release|Any CPU
		{6B7A7A9F-F15C-44F6-914A-98AB58A1CD94}.Release|Any CPU.Build.0 = Release|Any CPU
	EndGlobalSection
	GlobalSection(SolutionProperties) = preSolution
		HideSolutionNode = FALSE
	EndGlobalSection
	GlobalSection(ExtensibilityGlobals) = postSolution
		SolutionGuid = {7B85A719-DA01-4AB5-A14D-862D9CCC91FE}
	EndGlobalSection
EndGlobal
